
Microsoft Visual Studio Solution File, Format Version 12.00
# Visual Studio Version 17
VisualStudioVersion = 17.7.34031.279
MinimumVisualStudioVersion = 10.0.40219.1
Project("{FAE04EC0-301F-11D3-BF4B-00C04F79EFBC}") = "Chatting", "Chatting\Chatting.csproj", "{1A1F0BBE-F36D-4091-ABB2-0BE0C01F406D}"
EndProject
Global
	GlobalSection(SolutionConfigurationPlatforms) = preSolution
		Debug|Any CPU = Debug|Any CPU
		Release|Any CPU = Release|Any CPU
	EndGlobalSection
	GlobalSection(ProjectConfigurationPlatforms) = postSolution
		{1A1F0BBE-F36D-4091-ABB2-0BE0C01F406D}.Debug|Any CPU.ActiveCfg = Debug|Any CPU
		{1A1F0BBE-F36D-4091-ABB2-0BE0C01F406D}.Debug|Any CPU.Build.0 = Debug|Any CPU
		{1A1F0BBE-F36D-4091-ABB2-0BE0C01F406D}.Release|Any CPU.ActiveCfg = Release|Any CPU
		{1A1F0BBE-F36D-4091-ABB2-0BE0C01F406D}.Release|Any CPU.Build.0 = Release|Any CPU
	EndGlobalSection
	GlobalSection(SolutionProperties) = preSolution
		HideSolutionNode = FALSE
	EndGlobalSection
	GlobalSection(ExtensibilityGlobals) = postSolution
		SolutionGuid = {FF3DB372-A86D-4E00-B9A4-2BD5C7A228BC}
	EndGlobalSection
EndGlobal
